{
  "projects": [
    {
      "projectId": "qBQYRQFJzZuuq9zzpbMJ27",
      "version": "latest",
      "dependencies": {},
      "lang": "ts",
      "fileLocks": [
        {
          "type": "globalVariant",
          "assetId": "L8m-XUVhq9Mz",
          "checksum": "dfefe08e292effa422bc9dd0f05a9fb9"
        },
        {
          "type": "renderModule",
          "assetId": "PjUeRmVmb4TL",
          "checksum": "b19da8dd0e06ced8c16e13d5e99eca1c"
        },
        {
          "type": "cssRules",
          "assetId": "PjUeRmVmb4TL",
          "checksum": "b19da8dd0e06ced8c16e13d5e99eca1c"
        },
        {
          "type": "renderModule",
          "assetId": "x6wCISTh6sbh",
          "checksum": "08d6a0c13305d84fcb4524a4ba15a639"
        },
        {
          "type": "cssRules",
          "assetId": "x6wCISTh6sbh",
          "checksum": "08d6a0c13305d84fcb4524a4ba15a639"
        },
        {
          "type": "renderModule",
          "assetId": "IQKEQxKKBP4J",
          "checksum": "5bd6a64520c344bac79a2089d164b0ac"
        },
        {
          "type": "cssRules",
          "assetId": "IQKEQxKKBP4J",
          "checksum": "5bd6a64520c344bac79a2089d164b0ac"
        },
        {
          "type": "icon",
          "assetId": "6Iw-T2d8QN6b",
          "checksum": "cecfafd4e6c649047510693942a8d393"
        },
        {
          "type": "icon",
          "assetId": "hIGxHid4GFVh",
          "checksum": "1747323b4bda0e095513ced07a1cf0c2"
        },
        {
          "assetId": "qBQYRQFJzZuuq9zzpbMJ27",
          "type": "projectCss",
          "checksum": "440e75b3ccdd72e7097daddf6ae03caf"
        }
      ],
      "codegenVersion": "0.0.1"
    }
  ],
  "cliVersion": "0.1.330"
}
